
Microsoft Visual Studio Solution File, Format Version 12.00
# Visual Studio Version 17
VisualStudioVersion = 17.13.35828.75
MinimumVisualStudioVersion = 10.0.40219.1
Project("{2150E333-8FDC-42A3-9474-1A3956D46DE8}") = "aspire", "aspire", "{02EA681E-C7D8-13C7-8484-4AC65E1B71E8}"
EndProject
Project("{FAE04EC0-301F-11D3-BF4B-00C04F79EFBC}") = "CosmosPagination.Aspire.AppHost", "src\CosmosPagination.Aspire\CosmosPagination.Aspire.AppHost\CosmosPagination.Aspire.AppHost.csproj", "{AA77C8A2-8AEF-41FC-AA7E-75C7338E2A83}"
EndProject
Project("{FAE04EC0-301F-11D3-BF4B-00C04F79EFBC}") = "CosmosPagination.Aspire.ServiceDefaults", "src\CosmosPagination.Aspire\CosmosPagination.Aspire.ServiceDefaults\CosmosPagination.Aspire.ServiceDefaults.csproj", "{0DA257AE-25B3-DF78-4332-E695308EA5B2}"
EndProject
Project("{2150E333-8FDC-42A3-9474-1A3956D46DE8}") = "app", "app", "{03A4B2CF-F49A-4C22-B6DB-7D5DF6C4A7A9}"
EndProject
Project("{FAE04EC0-301F-11D3-BF4B-00C04F79EFBC}") = "CosmosPagination.Web", "src\CosmosPagination.Web\CosmosPagination.Web.csproj", "{88085A88-45F2-4FFF-8E02-EA288D0CE4C5}"
EndProject
Project("{FAE04EC0-301F-11D3-BF4B-00C04F79EFBC}") = "CosmosPagination.Cosmos", "src\CosmosPagination.Cosmos\CosmosPagination.Cosmos.csproj", "{73C6FB91-A621-4770-A6B4-81EAAC6F114F}"
EndProject
Global
	GlobalSection(SolutionConfigurationPlatforms) = preSolution
		Debug|Any CPU = Debug|Any CPU
		Release|Any CPU = Release|Any CPU
	EndGlobalSection
	GlobalSection(ProjectConfigurationPlatforms) = postSolution
		{AA77C8A2-8AEF-41FC-AA7E-75C7338E2A83}.Debug|Any CPU.ActiveCfg = Debug|Any CPU
		{AA77C8A2-8AEF-41FC-AA7E-75C7338E2A83}.Debug|Any CPU.Build.0 = Debug|Any CPU
		{AA77C8A2-8AEF-41FC-AA7E-75C7338E2A83}.Release|Any CPU.ActiveCfg = Release|Any CPU
		{AA77C8A2-8AEF-41FC-AA7E-75C7338E2A83}.Release|Any CPU.Build.0 = Release|Any CPU
		{0DA257AE-25B3-DF78-4332-E695308EA5B2}.Debug|Any CPU.ActiveCfg = Debug|Any CPU
		{0DA257AE-25B3-DF78-4332-E695308EA5B2}.Debug|Any CPU.Build.0 = Debug|Any CPU
		{0DA257AE-25B3-DF78-4332-E695308EA5B2}.Release|Any CPU.ActiveCfg = Release|Any CPU
		{0DA257AE-25B3-DF78-4332-E695308EA5B2}.Release|Any CPU.Build.0 = Release|Any CPU
		{88085A88-45F2-4FFF-8E02-EA288D0CE4C5}.Debug|Any CPU.ActiveCfg = Debug|Any CPU
		{88085A88-45F2-4FFF-8E02-EA288D0CE4C5}.Debug|Any CPU.Build.0 = Debug|Any CPU
		{88085A88-45F2-4FFF-8E02-EA288D0CE4C5}.Release|Any CPU.ActiveCfg = Release|Any CPU
		{88085A88-45F2-4FFF-8E02-EA288D0CE4C5}.Release|Any CPU.Build.0 = Release|Any CPU
		{73C6FB91-A621-4770-A6B4-81EAAC6F114F}.Debug|Any CPU.ActiveCfg = Debug|Any CPU
		{73C6FB91-A621-4770-A6B4-81EAAC6F114F}.Debug|Any CPU.Build.0 = Debug|Any CPU
		{73C6FB91-A621-4770-A6B4-81EAAC6F114F}.Release|Any CPU.ActiveCfg = Release|Any CPU
		{73C6FB91-A621-4770-A6B4-81EAAC6F114F}.Release|Any CPU.Build.0 = Release|Any CPU
	EndGlobalSection
	GlobalSection(SolutionProperties) = preSolution
		HideSolutionNode = FALSE
	EndGlobalSection
	GlobalSection(NestedProjects) = preSolution
		{AA77C8A2-8AEF-41FC-AA7E-75C7338E2A83} = {02EA681E-C7D8-13C7-8484-4AC65E1B71E8}
		{0DA257AE-25B3-DF78-4332-E695308EA5B2} = {02EA681E-C7D8-13C7-8484-4AC65E1B71E8}
		{88085A88-45F2-4FFF-8E02-EA288D0CE4C5} = {03A4B2CF-F49A-4C22-B6DB-7D5DF6C4A7A9}
		{73C6FB91-A621-4770-A6B4-81EAAC6F114F} = {03A4B2CF-F49A-4C22-B6DB-7D5DF6C4A7A9}
	EndGlobalSection
	GlobalSection(ExtensibilityGlobals) = postSolution
		SolutionGuid = {BC505B35-EC2F-4ABE-8E61-AEA2595C9C6B}
	EndGlobalSection
EndGlobal
